# This file is automatically @generated by Cargo.
# It is not intended for manual editing.
version = 3

[[package]]
name = "cc"
version = "1.0.83"
source = "registry+https://github.com/rust-lang/crates.io-index"
checksum = "f1174fb0b6ec23863f8b971027804a42614e347eafb0a95bf0b12cdae21fc4d0"
dependencies = [
 "libc",
]

[[package]]
name = "hashbrown_tstd"
version = "0.12.0"
source = "git+https://github.com/apache/teaclave-sgx-sdk.git#1b1d03376056321441ef99716aa0888bd5ef19f7"

[[package]]
name = "libc"
version = "0.2.152"
source = "registry+https://github.com/rust-lang/crates.io-index"
checksum = "13e3bf6590cbc649f4d1a3eefc9d5d6eb746f5200ffb04e5e142700b8faa56e7"

[[package]]
name = "rust-tee"
version = "0.1.0"
dependencies = [
 "sgx_tcrypto",
 "sgx_trts",
 "sgx_tstd",
 "sgx_types",
]

[[package]]
name = "sgx_alloc"
version = "1.1.6"
source = "git+https://github.com/apache/teaclave-sgx-sdk.git#1b1d03376056321441ef99716aa0888bd5ef19f7"

[[package]]
name = "sgx_backtrace_sys"
version = "1.1.6"
source = "git+https://github.com/apache/teaclave-sgx-sdk.git#1b1d03376056321441ef99716aa0888bd5ef19f7"
dependencies = [
 "cc",
 "sgx_build_helper",
 "sgx_libc",
]

[[package]]
name = "sgx_build_helper"
version = "1.1.6"
source = "git+https://github.com/apache/teaclave-sgx-sdk.git#1b1d03376056321441ef99716aa0888bd5ef19f7"

[[package]]
name = "sgx_demangle"
version = "1.1.6"
source = "git+https://github.com/apache/teaclave-sgx-sdk.git#1b1d03376056321441ef99716aa0888bd5ef19f7"

[[package]]
name = "sgx_libc"
version = "1.1.6"
source = "git+https://github.com/apache/teaclave-sgx-sdk.git#1b1d03376056321441ef99716aa0888bd5ef19f7"
dependencies = [
 "sgx_types",
]

[[package]]
name = "sgx_tcrypto"
version = "1.1.6"
source = "git+https://github.com/apache/teaclave-sgx-sdk.git#1b1d03376056321441ef99716aa0888bd5ef19f7"
dependencies = [
 "sgx_types",
]

[[package]]
name = "sgx_tprotected_fs"
version = "1.1.6"
source = "git+https://github.com/apache/teaclave-sgx-sdk.git#1b1d03376056321441ef99716aa0888bd5ef19f7"
dependencies = [
 "sgx_trts",
 "sgx_types",
]

[[package]]
name = "sgx_trts"
version = "1.1.6"
source = "git+https://github.com/apache/teaclave-sgx-sdk.git#1b1d03376056321441ef99716aa0888bd5ef19f7"
dependencies = [
 "sgx_libc",
 "sgx_types",
]

[[package]]
name = "sgx_tstd"
version = "1.1.6"
source = "git+https://github.com/apache/teaclave-sgx-sdk.git#1b1d03376056321441ef99716aa0888bd5ef19f7"
dependencies = [
 "hashbrown_tstd",
 "sgx_alloc",
 "sgx_backtrace_sys",
 "sgx_demangle",
 "sgx_libc",
 "sgx_tprotected_fs",
 "sgx_trts",
 "sgx_types",
 "sgx_unwind",
]

[[package]]
name = "sgx_types"
version = "1.1.6"
source = "git+https://github.com/apache/teaclave-sgx-sdk.git#1b1d03376056321441ef99716aa0888bd5ef19f7"

[[package]]
name = "sgx_unwind"
version = "1.1.6"
source = "git+https://github.com/apache/teaclave-sgx-sdk.git#1b1d03376056321441ef99716aa0888bd5ef19f7"
dependencies = [
 "sgx_build_helper",
]
